
Microsoft Visual Studio Solution File, Format Version 12.00
# Visual Studio Version 17
VisualStudioVersion = 17.5.002.0
MinimumVisualStudioVersion = 10.0.40219.1
Project("{2150E333-8FDC-42A3-9474-1A3956D46DE8}") = "sdk", "sdk", "{FB4C2415-BFF7-4FE2-803B-9BE086FF4FAE}"
EndProject
Project("{9A19103F-16F7-4668-BE54-9A1E7A4F7556}") = "Pulumi.Youtrack", "sdk\dotnet\Pulumi.Youtrack.csproj", "{E183E017-D554-4069-997A-B732ED901C99}"
EndProject
Project("{2150E333-8FDC-42A3-9474-1A3956D46DE8}") = "examples", "examples", "{9B4FDCC2-CF8E-4E91-94B2-2581318F798B}"
EndProject
Project("{9A19103F-16F7-4668-BE54-9A1E7A4F7556}") = "provider-youtrack-native", "examples\dotnet\provider-Youtrack-native.csproj", "{839971F3-64B1-4E6A-815B-D6C47114F6C8}"
EndProject
Project("{2150E333-8FDC-42A3-9474-1A3956D46DE8}") = "nodejs", "nodejs", "{909F2AB3-5BAE-4F61-BE8C-CEC76EB5530A}"
EndProject
Project("{2150E333-8FDC-42A3-9474-1A3956D46DE8}") = "node_modules", "node_modules", "{94DB51DF-5D9A-4B61-B35A-AD2299530D27}"
EndProject
Project("{2150E333-8FDC-42A3-9474-1A3956D46DE8}") = "@pulumi", "@pulumi", "{4A33D382-4323-4349-9C3F-969FD8192AAC}"
EndProject
Project("{2150E333-8FDC-42A3-9474-1A3956D46DE8}") = "pulumi", "pulumi", "{FA9D6B49-87DE-4D5D-BF40-BDCBFEE82351}"
EndProject
Project("{2150E333-8FDC-42A3-9474-1A3956D46DE8}") = "tests", "tests", "{564E3572-1E5F-4B60-82F8-6BA72C8CC0CA}"
EndProject
Project("{2150E333-8FDC-42A3-9474-1A3956D46DE8}") = "automation", "automation", "{63DBED5F-37A1-4FF2-AE44-C3B7CDF8CD25}"
EndProject
Project("{2150E333-8FDC-42A3-9474-1A3956D46DE8}") = "data", "data", "{BBEC9F6D-F15E-4AD9-B680-6A756E76028B}"
EndProject
Project("{9A19103F-16F7-4668-BE54-9A1E7A4F7556}") = "TestProj", "sdk\nodejs\node_modules\@pulumi\pulumi\tests\automation\data\testproj_dotnet\TestProj.csproj", "{975F403E-9409-4DB3-949A-983F150D0BD2}"
EndProject
Global
	GlobalSection(SolutionConfigurationPlatforms) = preSolution
		Debug|Any CPU = Debug|Any CPU
		Release|Any CPU = Release|Any CPU
	EndGlobalSection
	GlobalSection(ProjectConfigurationPlatforms) = postSolution
		{E183E017-D554-4069-997A-B732ED901C99}.Debug|Any CPU.ActiveCfg = Debug|Any CPU
		{E183E017-D554-4069-997A-B732ED901C99}.Debug|Any CPU.Build.0 = Debug|Any CPU
		{E183E017-D554-4069-997A-B732ED901C99}.Release|Any CPU.ActiveCfg = Release|Any CPU
		{E183E017-D554-4069-997A-B732ED901C99}.Release|Any CPU.Build.0 = Release|Any CPU
		{839971F3-64B1-4E6A-815B-D6C47114F6C8}.Debug|Any CPU.ActiveCfg = Debug|Any CPU
		{839971F3-64B1-4E6A-815B-D6C47114F6C8}.Debug|Any CPU.Build.0 = Debug|Any CPU
		{839971F3-64B1-4E6A-815B-D6C47114F6C8}.Release|Any CPU.ActiveCfg = Release|Any CPU
		{839971F3-64B1-4E6A-815B-D6C47114F6C8}.Release|Any CPU.Build.0 = Release|Any CPU
		{975F403E-9409-4DB3-949A-983F150D0BD2}.Debug|Any CPU.ActiveCfg = Debug|Any CPU
		{975F403E-9409-4DB3-949A-983F150D0BD2}.Debug|Any CPU.Build.0 = Debug|Any CPU
		{975F403E-9409-4DB3-949A-983F150D0BD2}.Release|Any CPU.ActiveCfg = Release|Any CPU
		{975F403E-9409-4DB3-949A-983F150D0BD2}.Release|Any CPU.Build.0 = Release|Any CPU
	EndGlobalSection
	GlobalSection(SolutionProperties) = preSolution
		HideSolutionNode = FALSE
	EndGlobalSection
	GlobalSection(NestedProjects) = preSolution
		{E183E017-D554-4069-997A-B732ED901C99} = {FB4C2415-BFF7-4FE2-803B-9BE086FF4FAE}
		{839971F3-64B1-4E6A-815B-D6C47114F6C8} = {9B4FDCC2-CF8E-4E91-94B2-2581318F798B}
		{909F2AB3-5BAE-4F61-BE8C-CEC76EB5530A} = {FB4C2415-BFF7-4FE2-803B-9BE086FF4FAE}
		{94DB51DF-5D9A-4B61-B35A-AD2299530D27} = {909F2AB3-5BAE-4F61-BE8C-CEC76EB5530A}
		{4A33D382-4323-4349-9C3F-969FD8192AAC} = {94DB51DF-5D9A-4B61-B35A-AD2299530D27}
		{FA9D6B49-87DE-4D5D-BF40-BDCBFEE82351} = {4A33D382-4323-4349-9C3F-969FD8192AAC}
		{564E3572-1E5F-4B60-82F8-6BA72C8CC0CA} = {FA9D6B49-87DE-4D5D-BF40-BDCBFEE82351}
		{63DBED5F-37A1-4FF2-AE44-C3B7CDF8CD25} = {564E3572-1E5F-4B60-82F8-6BA72C8CC0CA}
		{BBEC9F6D-F15E-4AD9-B680-6A756E76028B} = {63DBED5F-37A1-4FF2-AE44-C3B7CDF8CD25}
		{975F403E-9409-4DB3-949A-983F150D0BD2} = {BBEC9F6D-F15E-4AD9-B680-6A756E76028B}
	EndGlobalSection
	GlobalSection(ExtensibilityGlobals) = postSolution
		SolutionGuid = {7033C1C1-65B2-4535-B5A7-68D38B7E81E9}
	EndGlobalSection
EndGlobal
